
Microsoft Visual Studio Solution File, Format Version 12.00
# Visual Studio Version 17
VisualStudioVersion = 17.3.32811.315
MinimumVisualStudioVersion = 10.0.40219.1
Project("{FAE04EC0-301F-11D3-BF4B-00C04F79EFBC}") = "OnlineTest", "OnlineTest\OnlineTest.csproj", "{DE1D5120-EBAA-42D1-B234-3090EF913132}"
EndProject
Global
	GlobalSection(SolutionConfigurationPlatforms) = preSolution
		Debug|Any CPU = Debug|Any CPU
		Release|Any CPU = Release|Any CPU
	EndGlobalSection
	GlobalSection(ProjectConfigurationPlatforms) = postSolution
		{DE1D5120-EBAA-42D1-B234-3090EF913132}.Debug|Any CPU.ActiveCfg = Debug|Any CPU
		{DE1D5120-EBAA-42D1-B234-3090EF913132}.Debug|Any CPU.Build.0 = Debug|Any CPU
		{DE1D5120-EBAA-42D1-B234-3090EF913132}.Release|Any CPU.ActiveCfg = Release|Any CPU
		{DE1D5120-EBAA-42D1-B234-3090EF913132}.Release|Any CPU.Build.0 = Release|Any CPU
	EndGlobalSection
	GlobalSection(SolutionProperties) = preSolution
		HideSolutionNode = FALSE
	EndGlobalSection
	GlobalSection(ExtensibilityGlobals) = postSolution
		SolutionGuid = {EB60D265-7CB6-4841-B319-1F9D4DB08104}
	EndGlobalSection
EndGlobal
